// !$*UTF8*$!
{
	archiveVersion = 1;
	classes = {
	};
	objectVersion = 46;
	objects = {

/* Begin PBXBuildFile section */
		4E2F4A7E1B83DE8600539317 /* CounterView.swift in Sources */ = {isa = PBXBuildFile; fileRef = 4E2F4A7D1B83DE8600539317 /* CounterView.swift */; };
		4E4AD4C31B82C2F500CC1744 /* AppDelegate.swift in Sources */ = {isa = PBXBuildFile; fileRef = 4E4AD4C21B82C2F500CC1744 /* AppDelegate.swift */; };
		4E4AD4C51B82C2F500CC1744 /* ViewController.swift in Sources */ = {isa = PBXBuildFile; fileRef = 4E4AD4C41B82C2F500CC1744 /* ViewController.swift */; };
		4E4AD4C81B82C2F500CC1744 /* Main.storyboard in Resources */ = {isa = PBXBuildFile; fileRef = 4E4AD4C61B82C2F500CC1744 /* Main.storyboard */; };
		4E4AD4CA1B82C2F500CC1744 /* Images.xcassets in Resources */ = {isa = PBXBuildFile; fileRef = 4E4AD4C91B82C2F500CC1744 /* Images.xcassets */; };
		4E4AD4CD1B82C2F500CC1744 /* LaunchScreen.xib in Resources */ = {isa = PBXBuildFile; fileRef = 4E4AD4CB1B82C2F500CC1744 /* LaunchScreen.xib */; };
		4E4AD4D91B82C2F500CC1744 /* FloTests.swift in Sources */ = {isa = PBXBuildFile; fileRef = 4E4AD4D81B82C2F500CC1744 /* FloTests.swift */; };
		4E4AD4E31B82C37D00CC1744 /* PushButtonView.swift in Sources */ = {isa = PBXBuildFile; fileRef = 4E4AD4E21B82C37D00CC1744 /* PushButtonView.swift */; };
/* End PBXBuildFile section */

/* Begin PBXContainerItemProxy section */
		4E4AD4D31B82C2F500CC1744 /* PBXContainerItemProxy */ = {
			isa = PBXContainerItemProxy;
			containerPortal = 4E4AD4B51B82C2F500CC1744 /* Project object */;
			proxyType = 1;
			remoteGlobalIDString = 4E4AD4BC1B82C2F500CC1744;
			remoteInfo = Flo;
		};
/* End PBXContainerItemProxy section */

/* Begin PBXFileReference section */
		4E2F4A7D1B83DE8600539317 /* CounterView.swift */ = {isa = PBXFileReference; fileEncoding = 4; lastKnownFileType = sourcecode.swift; path = CounterView.swift; sourceTree = "<group>"; };
		4E4AD4BD1B82C2F500CC1744 /* Flo.app */ = {isa = PBXFileReference; explicitFileType = wrapper.application; includeInIndex = 0; path = Flo.app; sourceTree = BUILT_PRODUCTS_DIR; };
		4E4AD4C11B82C2F500CC1744 /* Info.plist */ = {isa = PBXFileReference; lastKnownFileType = text.plist.xml; path = Info.plist; sourceTree = "<group>"; };
		4E4AD4C21B82C2F500CC1744 /* AppDelegate.swift */ = {isa = PBXFileReference; lastKnownFileType = sourcecode.swift; path = AppDelegate.swift; sourceTree = "<group>"; };
		4E4AD4C41B82C2F500CC1744 /* ViewController.swift */ = {isa = PBXFileReference; lastKnownFileType = sourcecode.swift; path = ViewController.swift; sourceTree = "<group>"; };
		4E4AD4C71B82C2F500CC1744 /* Base */ = {isa = PBXFileReference; lastKnownFileType = file.storyboard; name = Base; path = Base.lproj/Main.storyboard; sourceTree = "<group>"; };
		4E4AD4C91B82C2F500CC1744 /* Images.xcassets */ = {isa = PBXFileReference; lastKnownFileType = folder.assetcatalog; path = Images.xcassets; sourceTree = "<group>"; };
		4E4AD4CC1B82C2F500CC1744 /* Base */ = {isa = PBXFileReference; lastKnownFileType = file.xib; name = Base; path = Base.lproj/LaunchScreen.xib; sourceTree = "<group>"; };
		4E4AD4D21B82C2F500CC1744 /* FloTests.xctest */ = {isa = PBXFileReference; explicitFileType = wrapper.cfbundle; includeInIndex = 0; path = FloTests.xctest; sourceTree = BUILT_PRODUCTS_DIR; };
		4E4AD4D71B82C2F500CC1744 /* Info.plist */ = {isa = PBXFileReference; lastKnownFileType = text.plist.xml; path = Info.plist; sourceTree = "<group>"; };
		4E4AD4D81B82C2F500CC1744 /* FloTests.swift */ = {isa = PBXFileReference; lastKnownFileType = sourcecode.swift; path = FloTests.swift; sourceTree = "<group>"; };
		4E4AD4E21B82C37D00CC1744 /* PushButtonView.swift */ = {isa = PBXFileReference; fileEncoding = 4; lastKnownFileType = sourcecode.swift; name = PushButtonView.swift; path = ../PushButtonView.swift; sourceTree = "<group>"; };
/* End PBXFileReference section */

/* Begin PBXFrameworksBuildPhase section */
		4E4AD4BA1B82C2F500CC1744 /* Frameworks */ = {
			isa = PBXFrameworksBuildPhase;
			buildActionMask = 2147483647;
			files = (
			);
			runOnlyForDeploymentPostprocessing = 0;
		};
		4E4AD4CF1B82C2F500CC1744 /* Frameworks */ = {
			isa = PBXFrameworksBuildPhase;
			buildActionMask = 2147483647;
			files = (
			);
			runOnlyForDeploymentPostprocessing = 0;
		};
/* End PBXFrameworksBuildPhase section */

/* Begin PBXGroup section */
		4E4AD4B41B82C2F500CC1744 = {
			isa = PBXGroup;
			children = (
				4E4AD4BF1B82C2F500CC1744 /* Flo */,
				4E4AD4D51B82C2F500CC1744 /* FloTests */,
				4E4AD4BE1B82C2F500CC1744 /* Products */,
			);
			sourceTree = "<group>";
		};
		4E4AD4BE1B82C2F500CC1744 /* Products */ = {
			isa = PBXGroup;
			children = (
				4E4AD4BD1B82C2F500CC1744 /* Flo.app */,
				4E4AD4D21B82C2F500CC1744 /* FloTests.xctest */,
			);
			name = Products;
			sourceTree = "<group>";
		};
		4E4AD4BF1B82C2F500CC1744 /* Flo */ = {
			isa = PBXGroup;
			children = (
				4E4AD4E21B82C37D00CC1744 /* PushButtonView.swift */,
				4E2F4A7D1B83DE8600539317 /* CounterView.swift */,
				4E4AD4C21B82C2F500CC1744 /* AppDelegate.swift */,
				4E4AD4C41B82C2F500CC1744 /* ViewController.swift */,
				4E4AD4C61B82C2F500CC1744 /* Main.storyboard */,
				4E4AD4C91B82C2F500CC1744 /* Images.xcassets */,
				4E4AD4CB1B82C2F500CC1744 /* LaunchScreen.xib */,
				4E4AD4C01B82C2F500CC1744 /* Supporting Files */,
			);
			path = Flo;
			sourceTree = "<group>";
		};
		4E4AD4C01B82C2F500CC1744 /* Supporting Files */ = {
			isa = PBXGroup;
			children = (
				4E4AD4C11B82C2F500CC1744 /* Info.plist */,
			);
			name = "Supporting Files";
			sourceTree = "<group>";
		};
		4E4AD4D51B82C2F500CC1744 /* FloTests */ = {
			isa = PBXGroup;
			children = (
				4E4AD4D81B82C2F500CC1744 /* FloTests.swift */,
				4E4AD4D61B82C2F500CC1744 /* Supporting Files */,
			);
			path = FloTests;
			sourceTree = "<group>";
		};
		4E4AD4D61B82C2F500CC1744 /* Supporting Files */ = {
			isa = PBXGroup;
			children = (
				4E4AD4D71B82C2F500CC1744 /* Info.plist */,
			);
			name = "Supporting Files";
			sourceTree = "<group>";
		};
/* End PBXGroup section */

/* Begin PBXNativeTarget section */
		4E4AD4BC1B82C2F500CC1744 /* Flo */ = {
			isa = PBXNativeTarget;
			buildConfigurationList = 4E4AD4DC1B82C2F500CC1744 /* Build configuration list for PBXNativeTarget "Flo" */;
			buildPhases = (
				4E4AD4B91B82C2F500CC1744 /* Sources */,
				4E4AD4BA1B82C2F500CC1744 /* Frameworks */,
				4E4AD4BB1B82C2F500CC1744 /* Resources */,
			);
			buildRules = (
			);
			dependencies = (
			);
			name = Flo;
			productName = Flo;
			productReference = 4E4AD4BD1B82C2F500CC1744 /* Flo.app */;
			productType = "com.apple.product-type.application";
		};
		4E4AD4D11B82C2F500CC1744 /* FloTests */ = {
			isa = PBXNativeTarget;
			buildConfigurationList = 4E4AD4DF1B82C2F500CC1744 /* Build configuration list for PBXNativeTarget "FloTests" */;
			buildPhases = (
				4E4AD4CE1B82C2F500CC1744 /* Sources */,
				4E4AD4CF1B82C2F500CC1744 /* Frameworks */,
				4E4AD4D01B82C2F500CC1744 /* Resources */,
			);
			buildRules = (
			);
			dependencies = (
				4E4AD4D41B82C2F500CC1744 /* PBXTargetDependency */,
			);
			name = FloTests;
			productName = FloTests;
			productReference = 4E4AD4D21B82C2F500CC1744 /* FloTests.xctest */;
			productType = "com.apple.product-type.bundle.unit-test";
		};
/* End PBXNativeTarget section */

/* Begin PBXProject section */
		4E4AD4B51B82C2F500CC1744 /* Project object */ = {
			isa = PBXProject;
			attributes = {
				LastUpgradeCheck = 0640;
				ORGANIZATIONNAME = "Todd Isaacs";
				TargetAttributes = {
					4E4AD4BC1B82C2F500CC1744 = {
						CreatedOnToolsVersion = 6.4;
					};
					4E4AD4D11B82C2F500CC1744 = {
						CreatedOnToolsVersion = 6.4;
						TestTargetID = 4E4AD4BC1B82C2F500CC1744;
					};
				};
			};
			buildConfigurationList = 4E4AD4B81B82C2F500CC1744 /* Build configuration list for PBXProject "Flo" */;
			compatibilityVersion = "Xcode 3.2";
			developmentRegion = English;
			hasScannedForEncodings = 0;
			knownRegions = (
				en,
				Base,
			);
			mainGroup = 4E4AD4B41B82C2F500CC1744;
			productRefGroup = 4E4AD4BE1B82C2F500CC1744 /* Products */;
			projectDirPath = "";
			projectRoot = "";
			targets = (
				4E4AD4BC1B82C2F500CC1744 /* Flo */,
				4E4AD4D11B82C2F500CC1744 /* FloTests */,
			);
		};
/* End PBXProject section */

/* Begin PBXResourcesBuildPhase section */
		4E4AD4BB1B82C2F500CC1744 /* Resources */ = {
			isa = PBXResourcesBuildPhase;
			buildActionMask = 2147483647;
			files = (
				4E4AD4C81B82C2F500CC1744 /* Main.storyboard in Resources */,
				4E4AD4CD1B82C2F500CC1744 /* LaunchScreen.xib in Resources */,
				4E4AD4CA1B82C2F500CC1744 /* Images.xcassets in Resources */,
			);
			runOnlyForDeploymentPostprocessing = 0;
		};
		4E4AD4D01B82C2F500CC1744 /* Resources */ = {
			isa = PBXResourcesBuildPhase;
			buildActionMask = 2147483647;
			files = (
			);
			runOnlyForDeploymentPostprocessing = 0;
		};
/* End PBXResourcesBuildPhase section */

/* Begin PBXSourcesBuildPhase section */
		4E4AD4B91B82C2F500CC1744 /* Sources */ = {
			isa = PBXSourcesBuildPhase;
			buildActionMask = 2147483647;
			files = (
				4E4AD4C51B82C2F500CC1744 /* ViewController.swift in Sources */,
				4E4AD4E31B82C37D00CC1744 /* PushButtonView.swift in Sources */,
				4E4AD4C31B82C2F500CC1744 /* AppDelegate.swift in Sources */,
				4E2F4A7E1B83DE8600539317 /* CounterView.swift in Sources */,
			);
			runOnlyForDeploymentPostprocessing = 0;
		};
		4E4AD4CE1B82C2F500CC1744 /* Sources */ = {
			isa = PBXSourcesBuildPhase;
			buildActionMask = 2147483647;
			files = (
				4E4AD4D91B82C2F500CC1744 /* FloTests.swift in Sources */,
			);
			runOnlyForDeploymentPostprocessing = 0;
		};
/* End PBXSourcesBuildPhase section */

/* Begin PBXTargetDependency section */
		4E4AD4D41B82C2F500CC1744 /* PBXTargetDependency */ = {
			isa = PBXTargetDependency;
			target = 4E4AD4BC1B82C2F500CC1744 /* Flo */;
			targetProxy = 4E4AD4D31B82C2F500CC1744 /* PBXContainerItemProxy */;
		};
/* End PBXTargetDependency section */

/* Begin PBXVariantGroup section */
		4E4AD4C61B82C2F500CC1744 /* Main.storyboard */ = {
			isa = PBXVariantGroup;
			children = (
				4E4AD4C71B82C2F500CC1744 /* Base */,
			);
			name = Main.storyboard;
			sourceTree = "<group>";
		};
		4E4AD4CB1B82C2F500CC1744 /* LaunchScreen.xib */ = {
			isa = PBXVariantGroup;
			children = (
				4E4AD4CC1B82C2F500CC1744 /* Base */,
			);
			name = LaunchScreen.xib;
			sourceTree = "<group>";
		};
/* End PBXVariantGroup section */

/* Begin XCBuildConfiguration section */
		4E4AD4DA1B82C2F500CC1744 /* Debug */ = {
			isa = XCBuildConfiguration;
			buildSettings = {
				ALWAYS_SEARCH_USER_PATHS = NO;
				CLANG_CXX_LANGUAGE_STANDARD = "gnu++0x";
				CLANG_CXX_LIBRARY = "libc++";
				CLANG_ENABLE_MODULES = YES;
				CLANG_ENABLE_OBJC_ARC = YES;
				CLANG_WARN_BOOL_CONVERSION = YES;
				CLANG_WARN_CONSTANT_CONVERSION = YES;
				CLANG_WARN_DIRECT_OBJC_ISA_USAGE = YES_ERROR;
				CLANG_WARN_EMPTY_BODY = YES;
				CLANG_WARN_ENUM_CONVERSION = YES;
				CLANG_WARN_INT_CONVERSION = YES;
				CLANG_WARN_OBJC_ROOT_CLASS = YES_ERROR;
				CLANG_WARN_UNREACHABLE_CODE = YES;
				CLANG_WARN__DUPLICATE_METHOD_MATCH = YES;
				"CODE_SIGN_IDENTITY[sdk=iphoneos*]" = "iPhone Developer";
				COPY_PHASE_STRIP = NO;
				DEBUG_INFORMATION_FORMAT = "dwarf-with-dsym";
				ENABLE_STRICT_OBJC_MSGSEND = YES;
				GCC_C_LANGUAGE_STANDARD = gnu99;
				GCC_DYNAMIC_NO_PIC = NO;
				GCC_NO_COMMON_BLOCKS = YES;
				GCC_OPTIMIZATION_LEVEL = 0;
				GCC_PREPROCESSOR_DEFINITIONS = (
					"DEBUG=1",
					"$(inherited)",
				);
				GCC_SYMBOLS_PRIVATE_EXTERN = NO;
				GCC_WARN_64_TO_32_BIT_CONVERSION = YES;
				GCC_WARN_ABOUT_RETURN_TYPE = YES_ERROR;
				GCC_WARN_UNDECLARED_SELECTOR = YES;
				GCC_WARN_UNINITIALIZED_AUTOS = YES_AGGRESSIVE;
				GCC_WARN_UNUSED_FUNCTION = YES;
				GCC_WARN_UNUSED_VARIABLE = YES;
				IPHONEOS_DEPLOYMENT_TARGET = 8.4;
				MTL_ENABLE_DEBUG_INFO = YES;
				ONLY_ACTIVE_ARCH = YES;
				SDKROOT = iphoneos;
				SWIFT_OPTIMIZATION_LEVEL = "-Onone";
			};
			name = Debug;
		};
		4E4AD4DB1B82C2F500CC1744 /* Release */ = {
			isa = XCBuildConfiguration;
			buildSettings = {
				ALWAYS_SEARCH_USER_PATHS = NO;
				CLANG_CXX_LANGUAGE_STANDARD = "gnu++0x";
				CLANG_CXX_LIBRARY = "libc++";
				CLANG_ENABLE_MODULES = YES;
				CLANG_ENABLE_OBJC_ARC = YES;
				CLANG_WARN_BOOL_CONVERSION = YES;
				CLANG_WARN_CONSTANT_CONVERSION = YES;
				CLANG_WARN_DIRECT_OBJC_ISA_USAGE = YES_ERROR;
				CLANG_WARN_EMPTY_BODY = YES;
				CLANG_WARN_ENUM_CONVERSION = YES;
				CLANG_WARN_INT_CONVERSION = YES;
				CLANG_WARN_OBJC_ROOT_CLASS = YES_ERROR;
				CLANG_WARN_UNREACHABLE_CODE = YES;
				CLANG_WARN__DUPLICATE_METHOD_MATCH = YES;
				"CODE_SIGN_IDENTITY[sdk=iphoneos*]" = "iPhone Developer";
				COPY_PHASE_STRIP = NO;
				DEBUG_INFORMATION_FORMAT = "dwarf-with-dsym";
				ENABLE_NS_ASSERTIONS = NO;
				ENABLE_STRICT_OBJC_MSGSEND = YES;
				GCC_C_LANGUAGE_STANDARD = gnu99;
				GCC_NO_COMMON_BLOCKS = YES;
				GCC_WARN_64_TO_32_BIT_CONVERSION = YES;
				GCC_WARN_ABOUT_RETURN_TYPE = YES_ERROR;
				GCC_WARN_UNDECLARED_SELECTOR = YES;
				GCC_WARN_UNINITIALIZED_AUTOS = YES_AGGRESSIVE;
				GCC_WARN_UNUSED_FUNCTION = YES;
				GCC_WARN_UNUSED_VARIABLE = YES;
				IPHONEOS_DEPLOYMENT_TARGET = 8.4;
				MTL_ENABLE_DEBUG_INFO = NO;
				SDKROOT = iphoneos;
				VALIDATE_PRODUCT = YES;
			};
			name = Release;
		};
		4E4AD4DD1B82C2F500CC1744 /* Debug */ = {
			isa = XCBuildConfiguration;
			buildSettings = {
				ASSETCATALOG_COMPILER_APPICON_NAME = AppIcon;
				INFOPLIST_FILE = Flo/Info.plist;
				LD_RUNPATH_SEARCH_PATHS = "$(inherited) @executable_path/Frameworks";
				PRODUCT_NAME = "$(TARGET_NAME)";
			};
			name = Debug;
		};
		4E4AD4DE1B82C2F500CC1744 /* Release */ = {
			isa = XCBuildConfiguration;
			buildSettings = {
				ASSETCATALOG_COMPILER_APPICON_NAME = AppIcon;
				INFOPLIST_FILE = Flo/Info.plist;
				LD_RUNPATH_SEARCH_PATHS = "$(inherited) @executable_path/Frameworks";
				PRODUCT_NAME = "$(TARGET_NAME)";
			};
			name = Release;
		};
		4E4AD4E01B82C2F500CC1744 /* Debug */ = {
			isa = XCBuildConfiguration;
			buildSettings = {
				BUNDLE_LOADER = "$(TEST_HOST)";
				FRAMEWORK_SEARCH_PATHS = (
					"$(SDKROOT)/Developer/Library/Frameworks",
					"$(inherited)",
				);
				GCC_PREPROCESSOR_DEFINITIONS = (
					"DEBUG=1",
					"$(inherited)",
				);
				INFOPLIST_FILE = FloTests/Info.plist;
				LD_RUNPATH_SEARCH_PATHS = "$(inherited) @executable_path/Frameworks @loader_path/Frameworks";
				PRODUCT_NAME = "$(TARGET_NAME)";
				TEST_HOST = "$(BUILT_PRODUCTS_DIR)/Flo.app/Flo";
			};
			name = Debug;
		};
		4E4AD4E11B82C2F500CC1744 /* Release */ = {
			isa = XCBuildConfiguration;
			buildSettings = {
				BUNDLE_LOADER = "$(TEST_HOST)";
				FRAMEWORK_SEARCH_PATHS = (
					"$(SDKROOT)/Developer/Library/Frameworks",
					"$(inherited)",
				);
				INFOPLIST_FILE = FloTests/Info.plist;
				LD_RUNPATH_SEARCH_PATHS = "$(inherited) @executable_path/Frameworks @loader_path/Frameworks";
				PRODUCT_NAME = "$(TARGET_NAME)";
				TEST_HOST = "$(BUILT_PRODUCTS_DIR)/Flo.app/Flo";
			};
			name = Release;
		};
/* End XCBuildConfiguration section */

/* Begin XCConfigurationList section */
		4E4AD4B81B82C2F500CC1744 /* Build configuration list for PBXProject "Flo" */ = {
			isa = XCConfigurationList;
			buildConfigurations = (
				4E4AD4DA1B82C2F500CC1744 /* Debug */,
				4E4AD4DB1B82C2F500CC1744 /* Release */,
			);
			defaultConfigurationIsVisible = 0;
			defaultConfigurationName = Release;
		};
		4E4AD4DC1B82C2F500CC1744 /* Build configuration list for PBXNativeTarget "Flo" */ = {
			isa = XCConfigurationList;
			buildConfigurations = (
				4E4AD4DD1B82C2F500CC1744 /* Debug */,
				4E4AD4DE1B82C2F500CC1744 /* Release */,
			);
			defaultConfigurationIsVisible = 0;
			defaultConfigurationName = Release;
		};
		4E4AD4DF1B82C2F500CC1744 /* Build configuration list for PBXNativeTarget "FloTests" */ = {
			isa = XCConfigurationList;
			buildConfigurations = (
				4E4AD4E01B82C2F500CC1744 /* Debug */,
				4E4AD4E11B82C2F500CC1744 /* Release */,
			);
			defaultConfigurationIsVisible = 0;
			defaultConfigurationName = Release;
		};
/* End XCConfigurationList section */
	};
	rootObject = 4E4AD4B51B82C2F500CC1744 /* Project object */;
}
